github.com/aristanetworks/gomap v0.0.0-20230726210543-f4e41046dced h1:HxlRMDx/VeRqzj3nvqX9k4tjeBcEIkoNHDJPsS389hs=
github.com/aristanetworks/gomap v0.0.0-20230726210543-f4e41046dced/go.mod h1:p7lmI+ecoe1RTyD11SPXWsSQ3H+pJ4cp5y7vtKW4QdM=
github.com/kisielk/og-rek v1.3.0 h1:lTXdQXqFETZKA//FWH4RBNAuiJ/dofxIwHAidoUZoMk=
github.com/kisielk/og-rek v1.3.0/go.mod h1:4at7oxyfBTDilURhNCf7irHWtosJlJl9uyqUqAkrP4w=
github.com/nlpodyssey/gopickle v0.3.0 h1:BLUE5gxFLyyNOPzlXxt6GoHEMMxD0qhsE4p0CIQyoLw=
github.com/nlpodyssey/gopickle v0.3.0/go.mod h1:f070HJ/yR+eLi5WmM1OXJEGaTpuJEUiib19olXgYha0=
golang.org/x/exp v0.0.0-20230725093048-515e97ebf090 h1:Di6/M8l0O2lCLc6VVRWhgCiApHV8MnQurBnFSHsQtNY=
golang.org/x/exp v0.0.0-20230725093048-515e97ebf090/go.mod h1:FXUEEKJgO7OQYeo8N01OfiKP8RXMtf6e8aTskBGqWdc=
golang.org/x/text v0.14.0 h1:ScX5w1eTa3QqT8oi6+ziP7dTV1S2+ALU0bI+0zXKWiQ=
golang.org/x/text v0.14.0/go.mod h1:18ZOQIKpY8NJVqYksKHtTdi31H5itFRjB5/qKTNYzSU=
